
Microsoft Visual Studio Solution File, Format Version 12.00
# Visual Studio Version 17
VisualStudioVersion = 17.2.32630.192
MinimumVisualStudioVersion = 10.0.40219.1
Project("{9A19103F-16F7-4668-BE54-9A1E7A4F7556}") = "BankServices.Authentication", "Authentication\BankServices.Authentication.csproj", "{A165D768-03D3-4910-97A4-E3080A8C221A}"
EndProject
Project("{9A19103F-16F7-4668-BE54-9A1E7A4F7556}") = "BankServices.Client", "BankServices.Client\BankServices.Client.csproj", "{27FBFAD2-DEAD-498D-9614-F8F76A2304C1}"
EndProject
Project("{FAE04EC0-301F-11D3-BF4B-00C04F79EFBC}") = "BankServices.Admin", "BankServices.Admin\BankServices.Admin.csproj", "{9E0D9A77-C2F6-417C-8498-5A733FA08D3C}"
EndProject
Global
	GlobalSection(SolutionConfigurationPlatforms) = preSolution
		Debug|Any CPU = Debug|Any CPU
		Release|Any CPU = Release|Any CPU
	EndGlobalSection
	GlobalSection(ProjectConfigurationPlatforms) = postSolution
		{A165D768-03D3-4910-97A4-E3080A8C221A}.Debug|Any CPU.ActiveCfg = Debug|Any CPU
		{A165D768-03D3-4910-97A4-E3080A8C221A}.Debug|Any CPU.Build.0 = Debug|Any CPU
		{A165D768-03D3-4910-97A4-E3080A8C221A}.Release|Any CPU.ActiveCfg = Release|Any CPU
		{A165D768-03D3-4910-97A4-E3080A8C221A}.Release|Any CPU.Build.0 = Release|Any CPU
		{27FBFAD2-DEAD-498D-9614-F8F76A2304C1}.Debug|Any CPU.ActiveCfg = Debug|Any CPU
		{27FBFAD2-DEAD-498D-9614-F8F76A2304C1}.Debug|Any CPU.Build.0 = Debug|Any CPU
		{27FBFAD2-DEAD-498D-9614-F8F76A2304C1}.Release|Any CPU.ActiveCfg = Release|Any CPU
		{27FBFAD2-DEAD-498D-9614-F8F76A2304C1}.Release|Any CPU.Build.0 = Release|Any CPU
		{9E0D9A77-C2F6-417C-8498-5A733FA08D3C}.Debug|Any CPU.ActiveCfg = Debug|Any CPU
		{9E0D9A77-C2F6-417C-8498-5A733FA08D3C}.Debug|Any CPU.Build.0 = Debug|Any CPU
		{9E0D9A77-C2F6-417C-8498-5A733FA08D3C}.Release|Any CPU.ActiveCfg = Release|Any CPU
		{9E0D9A77-C2F6-417C-8498-5A733FA08D3C}.Release|Any CPU.Build.0 = Release|Any CPU
	EndGlobalSection
	GlobalSection(SolutionProperties) = preSolution
		HideSolutionNode = FALSE
	EndGlobalSection
	GlobalSection(ExtensibilityGlobals) = postSolution
		SolutionGuid = {B8FE7C34-2660-419A-B81F-41D81B8F180C}
	EndGlobalSection
EndGlobal
